<?xml version="1.0" encoding="utf-8"?>
<Project ToolsVersion="4.0" xmlns="http://schemas.microsoft.com/developer/msbuild/2003">
  <ItemGroup>
    <Filter Include="Source Files">
      <UniqueIdentifier>{4FC737F1-C7A5-4376-A066-2A32D752A2FF}</UniqueIdentifier>
      <Extensions>cpp;c;cc;cxx;def;odl;idl;hpj;bat;asm;asmx</Extensions>
    </Filter>
    <Filter Include="Header Files">
      <UniqueIdentifier>{93995380-89BD-4b04-88EB-625FBE52EBFB}</UniqueIdentifier>
      <Extensions>h;hh;hpp;hxx;hm;inl;inc;ipp;xsd</Extensions>
    </Filter>
    <Filter Include="Resource Files">
      <UniqueIdentifier>{67DA6AB6-F800-4c08-8B7A-83BB121AAD01}</UniqueIdentifier>
      <Extensions>rc;ico;cur;bmp;dlg;rc2;rct;bin;rgs;gif;jpg;jpeg;jpe;resx;tiff;tif;png;wav;mfcribbon-ms</Extensions>
    </Filter>
  </ItemGroup>
  <ItemGroup>
    <ClCompile Include="main.cpp">
      <Filter>Source Files</Filter>
    </ClCompile>
    <ClCompile Include="src\Simulation.cpp">
      <Filter>Source Files</Filter>
    </ClCompile>
    <ClCompile Include="lib\imgui\imgui.cpp">
      <Filter>Source Files</Filter>
    </ClCompile>
    <ClCompile Include="lib\imgui\imgui_draw.cpp">
      <Filter>Source Files</Filter>
    </ClCompile>
    <ClCompile Include="lib\imgui\imgui-SFML.cpp">
      <Filter>Source Files</Filter>
    </ClCompile>
    <ClCompile Include="lib\imgui\imgui_widgets.cpp">
      <Filter>Source Files</Filter>
    </ClCompile>
    <ClCompile Include="lib\imgui\imgui_demo.cpp">
      <Filter>Source Files</Filter>
    </ClCompile>
    <ClCompile Include="lib\imgui\imgui_stdlib.cpp">
      <Filter>Source Files</Filter>
    </ClCompile>
    <ClCompile Include="src\Physics\Air.cpp">
      <Filter>Source Files</Filter>
    </ClCompile>
    <ClCompile Include="src\UI\BaseUI.cpp">
      <Filter>Source Files</Filter>
    </ClCompile>
    <ClCompile Include="src\Physics\Gravity.cpp">
      <Filter>Source Files</Filter>
    </ClCompile>
    <ClCompile Include="src\Utils\Vector.cpp">
      <Filter>Source Files</Filter>
    </ClCompile>
    <ClCompile Include="src\Utils\Random.cpp">
      <Filter>Source Files</Filter>
    </ClCompile>
    <ClCompile Include="src\Brushes\Brush.cpp">
      <Filter>Source Files</Filter>
    </ClCompile>
    <ClCompile Include="src\Brushes\CircleBrush.cpp">
      <Filter>Source Files</Filter>
    </ClCompile>
    <ClCompile Include="src\UI\ElementEditor.cpp">
      <Filter>Source Files</Filter>
    </ClCompile>
    <ClCompile Include="src\Element\Element.cpp">
      <Filter>Source Files</Filter>
    </ClCompile>
    <ClCompile Include="src\Element\Elements\Water.cpp">
      <Filter>Source Files</Filter>
    </ClCompile>
    <ClCompile Include="src\Element\Elements\Sand.cpp">
      <Filter>Source Files</Filter>
    </ClCompile>
    <ClCompile Include="src\Element\Elements\GOL.cpp">
      <Filter>Source Files</Filter>
    </ClCompile>
    <ClCompile Include="src\Brushes\SquareBrush.cpp">
      <Filter>Source Files</Filter>
    </ClCompile>
    <ClCompile Include="src\SimTool\ToolsIds.h">
      <Filter>Source Files</Filter>
    </ClCompile>
    <ClCompile Include="src\Element\Elements\Ice.cpp">
      <Filter>Source Files</Filter>
    </ClCompile>
    <ClCompile Include="src\Element\Elements\Fire.cpp">
      <Filter>Source Files</Filter>
    </ClCompile>
    <ClCompile Include="src\SimTool\Tools\Cool.cpp">
      <Filter>Source Files</Filter>
    </ClCompile>
    <ClCompile Include="src\SimTool\Tools\Heat.cpp">
      <Filter>Source Files</Filter>
    </ClCompile>
    <ClCompile Include="src\SimTool\Tools\NegP.cpp">
      <Filter>Source Files</Filter>
    </ClCompile>
    <ClCompile Include="src\SimTool\Tools\Spwn.cpp">
      <Filter>Source Files</Filter>
    </ClCompile>
    <ClCompile Include="src\Element\Elements\Stone.cpp">
      <Filter>Source Files</Filter>
    </ClCompile>
    <ClCompile Include="src\Element\Elements\Dust.cpp">
      <Filter>Source Files</Filter>
    </ClCompile>
    <ClCompile Include="src\Element\Elements\Wood.cpp">
      <Filter>Source Files</Filter>
    </ClCompile>
    <ClCompile Include="src\Element\Elements\Gold.cpp">
      <Filter>Source Files</Filter>
    </ClCompile>
    <ClCompile Include="src\Element\Elements\Brick.cpp">
      <Filter>Source Files</Filter>
    </ClCompile>
    <ClCompile Include="src\Element\Elements\Coal.cpp">
      <Filter>Source Files</Filter>
    </ClCompile>
    <ClCompile Include="src\Element\Elements\Gun.cpp">
      <Filter>Source Files</Filter>
    </ClCompile>
    <ClCompile Include="src\Element\Elements\Nitr.cpp">
      <Filter>Source Files</Filter>
    </ClCompile>
    <ClCompile Include="src\Element\Elements\EXC4.cpp">
      <Filter>Source Files</Filter>
    </ClCompile>
    <ClCompile Include="src\Element\Elements\Oil.cpp">
      <Filter>Source Files</Filter>
    </ClCompile>
    <ClCompile Include="src\Element\Elements\Gas.cpp">
      <Filter>Source Files</Filter>
    </ClCompile>
    <ClCompile Include="src\Element\Elements\Wtrv.cpp">
      <Filter>Source Files</Filter>
    </ClCompile>
    <ClCompile Include="src\Element\Elements\Caus.cpp">
      <Filter>Source Files</Filter>
    </ClCompile>
    <ClCompile Include="src\Element\Elements\Lava.cpp">
      <Filter>Source Files</Filter>
    </ClCompile>
    <ClCompile Include="src\Element\Elements\Acid.cpp">
      <Filter>Source Files</Filter>
    </ClCompile>
    <ClCompile Include="src\SimTool\Tools\Clear.cpp">
      <Filter>Source Files</Filter>
    </ClCompile>
    <ClCompile Include="src\SimTool\Tools\PosP.cpp">
      <Filter>Source Files</Filter>
    </ClCompile>
    <ClCompile Include="src\SimObject.cpp">
      <Filter>Source Files</Filter>
    </ClCompile>
    <ClCompile Include="src\Element\Elements\Metl.cpp">
      <Filter>Source Files</Filter>
    </ClCompile>
    <ClCompile Include="src\Element\Elements\BHOL.cpp">
      <Filter>Source Files</Filter>
    </ClCompile>
    <ClCompile Include="src\Element\Elements\WHOL.cpp">
      <Filter>Source Files</Filter>
    </ClCompile>
    <ClCompile Include="src\Element\Elements\WALL.cpp">
      <Filter>Source Files</Filter>
    </ClCompile>
  </ItemGroup>
  <ItemGroup>
    <ClInclude Include="resource.h">
      <Filter>Header Files</Filter>
    </ClInclude>
    <ClInclude Include="src\Simulation.h">
      <Filter>Header Files</Filter>
    </ClInclude>
    <ClInclude Include="lib\imgui\imgui_stdlib.h">
      <Filter>Header Files</Filter>
    </ClInclude>
    <ClInclude Include="src\Physics\Gravity.h">
      <Filter>Header Files</Filter>
    </ClInclude>
    <ClInclude Include="src\Physics\Air.h">
      <Filter>Header Files</Filter>
    </ClInclude>
    <ClInclude Include="src\UI\BaseUI.h">
      <Filter>Header Files</Filter>
    </ClInclude>
    <ClInclude Include="src\UI\ElementEditor.h">
      <Filter>Header Files</Filter>
    </ClInclude>
    <ClInclude Include="src\Element\Element.h">
      <Filter>Header Files</Filter>
    </ClInclude>
    <ClInclude Include="src\Element\Elements.h">
      <Filter>Header Files</Filter>
    </ClInclude>
    <ClInclude Include="src\Element\ElementsIds.h">
      <Filter>Header Files</Filter>
    </ClInclude>
    <ClInclude Include="src\Element\Elements\Water.h">
      <Filter>Header Files</Filter>
    </ClInclude>
    <ClInclude Include="src\Element\Elements\Sand.h">
      <Filter>Header Files</Filter>
    </ClInclude>
    <ClInclude Include="src\Element\Elements\GOL.h">
      <Filter>Header Files</Filter>
    </ClInclude>
    <ClInclude Include="include\Powder\Brushes\Brush.h">
      <Filter>Header Files</Filter>
    </ClInclude>
    <ClInclude Include="include\Powder\Brushes\CircleBrush.h">
      <Filter>Header Files</Filter>
    </ClInclude>
    <ClInclude Include="include\Powder\Brushes\SquareBrush.h">
      <Filter>Header Files</Filter>
    </ClInclude>
    <ClInclude Include="include\Powder\Utils\Random.h">
      <Filter>Header Files</Filter>
    </ClInclude>
    <ClInclude Include="include\Powder\Utils\Vector.h">
      <Filter>Header Files</Filter>
    </ClInclude>
    <ClInclude Include="src\SimTool\Tool.h">
      <Filter>Header Files</Filter>
    </ClInclude>
    <ClInclude Include="src\Element\Elements\Ice.h">
      <Filter>Header Files</Filter>
    </ClInclude>
    <ClInclude Include="src\Element\Elements\Fire.h">
      <Filter>Header Files</Filter>
    </ClInclude>
    <ClInclude Include="src\SimTool\Tools.h">
      <Filter>Header Files</Filter>
    </ClInclude>
    <ClInclude Include="src\Element\ElementIncludes.h">
      <Filter>Header Files</Filter>
    </ClInclude>
    <ClInclude Include="src\SimTool\Tools\Cool.h">
      <Filter>Header Files</Filter>
    </ClInclude>
    <ClInclude Include="src\SimTool\Tools\Heat.h">
      <Filter>Header Files</Filter>
    </ClInclude>
    <ClInclude Include="src\SimTool\Tools\NegP.h">
      <Filter>Header Files</Filter>
    </ClInclude>
    <ClInclude Include="src\SimTool\Tools\Spwn.h">
      <Filter>Header Files</Filter>
    </ClInclude>
    <ClInclude Include="src\SimTool\ToolIncludes.h">
      <Filter>Header Files</Filter>
    </ClInclude>
    <ClInclude Include="src\Element\Elements\Stone.h">
      <Filter>Header Files</Filter>
    </ClInclude>
    <ClInclude Include="src\Element\Elements\Dust.h">
      <Filter>Header Files</Filter>
    </ClInclude>
    <ClInclude Include="src\Element\Elements\Wood.h">
      <Filter>Header Files</Filter>
    </ClInclude>
    <ClInclude Include="src\Element\Elements\Gold.h">
      <Filter>Header Files</Filter>
    </ClInclude>
    <ClInclude Include="src\Element\Elements\Brick.h">
      <Filter>Header Files</Filter>
    </ClInclude>
    <ClInclude Include="src\Element\Elements\Coal.h">
      <Filter>Header Files</Filter>
    </ClInclude>
    <ClInclude Include="src\Element\Elements\Gun.h">
      <Filter>Header Files</Filter>
    </ClInclude>
    <ClInclude Include="src\Element\Elements\Nitr.h">
      <Filter>Header Files</Filter>
    </ClInclude>
    <ClInclude Include="src\Element\Elements\EXC4.h">
      <Filter>Header Files</Filter>
    </ClInclude>
    <ClInclude Include="src\Element\Elements\Oil.h">
      <Filter>Header Files</Filter>
    </ClInclude>
    <ClInclude Include="src\Element\Elements\Gas.h">
      <Filter>Header Files</Filter>
    </ClInclude>
    <ClInclude Include="src\Element\Elements\Wtrv.h">
      <Filter>Header Files</Filter>
    </ClInclude>
    <ClInclude Include="src\Element\Elements\Caus.h">
      <Filter>Header Files</Filter>
    </ClInclude>
    <ClInclude Include="src\Element\Elements\Lava.h">
      <Filter>Header Files</Filter>
    </ClInclude>
    <ClInclude Include="src\Element\Elements\Acid.h">
      <Filter>Header Files</Filter>
    </ClInclude>
    <ClInclude Include="src\SimTool\Tools\Clear.h">
      <Filter>Header Files</Filter>
    </ClInclude>
    <ClInclude Include="src\SimTool\Tools\PosP.h">
      <Filter>Header Files</Filter>
    </ClInclude>
    <ClInclude Include="src\SimObject.h">
      <Filter>Header Files</Filter>
    </ClInclude>
    <ClInclude Include="src\Element\Elements\Metl.h">
      <Filter>Header Files</Filter>
    </ClInclude>
    <ClInclude Include="src\Element\Elements\BHOL.h">
      <Filter>Header Files</Filter>
    </ClInclude>
    <ClInclude Include="src\Element\Elements\WHOL.h">
      <Filter>Header Files</Filter>
    </ClInclude>
    <ClInclude Include="src\Element\Elements\WALL.h">
      <Filter>Header Files</Filter>
    </ClInclude>
  </ItemGroup>
  <ItemGroup>
    <ResourceCompile Include="Powder.rc">
      <Filter>Resource Files</Filter>
    </ResourceCompile>
  </ItemGroup>
</Project>